
Microsoft Visual Studio Solution File, Format Version 12.00
# Visual Studio 2013
VisualStudioVersion = 12.0.30723.0
MinimumVisualStudioVersion = 10.0.40219.1
Project("{2150E333-8FDC-42A3-9474-1A3956D46DE8}") = ".nuget", ".nuget", "{111536AA-07AB-41C2-A8BB-F320AA000340}"
	ProjectSection(SolutionItems) = preProject
		.nuget\NuGet.Config = .nuget\NuGet.Config
		.nuget\NuGet.exe = .nuget\NuGet.exe
		.nuget\NuGet.targets = .nuget\NuGet.targets
	EndProjectSection
EndProject
Project("{2150E333-8FDC-42A3-9474-1A3956D46DE8}") = "Presentation", "Presentation", "{79786394-8697-4C82-B712-E9D0E1DCBABB}"
EndProject
Project("{2150E333-8FDC-42A3-9474-1A3956D46DE8}") = "Crosscutting", "Crosscutting", "{6B64F7CE-D393-42A4-AAE7-69BC46F95409}"
EndProject
Project("{2150E333-8FDC-42A3-9474-1A3956D46DE8}") = "PaymentService", "PaymentService", "{CEBAFB05-E242-4798-A3A5-91CFAEA385AE}"
EndProject
Project("{2150E333-8FDC-42A3-9474-1A3956D46DE8}") = "Entities", "Entities", "{9598A58D-E57A-4D5C-ADBB-9AA3CD031670}"
EndProject
Project("{FAE04EC0-301F-11D3-BF4B-00C04F79EFBC}") = "Configuration", "Configuration\Configuration.csproj", "{F8513D4E-898F-44D3-B128-073984A0AB4B}"
EndProject
Project("{2150E333-8FDC-42A3-9474-1A3956D46DE8}") = "Services", "Services", "{567A26AA-3780-4706-BF98-03A7A94A602B}"
EndProject
Project("{2150E333-8FDC-42A3-9474-1A3956D46DE8}") = "Core", "Core", "{B0CD3C8D-CB65-4906-8AAA-D65796F1B179}"
EndProject
Project("{FAE04EC0-301F-11D3-BF4B-00C04F79EFBC}") = "AppCore", "AppCore\AppCore.csproj", "{28D82819-C812-4480-9989-F87A8695F694}"
EndProject
Project("{FAE04EC0-301F-11D3-BF4B-00C04F79EFBC}") = "AppService", "AppService\AppService.csproj", "{1C401B38-F70B-4892-BD5E-8F01EF0E25B2}"
EndProject
Project("{FAE04EC0-301F-11D3-BF4B-00C04F79EFBC}") = "Test.Web", "Test.Web\Test.Web.csproj", "{CDD6A4C1-9EDD-420F-A3D5-F175D0112C4E}"
EndProject
Project("{FAE04EC0-301F-11D3-BF4B-00C04F79EFBC}") = "CFEntity", "CFEntity\CFEntity.csproj", "{1BA0F972-F30E-4E42-8342-F34796036337}"
EndProject
Project("{FAE04EC0-301F-11D3-BF4B-00C04F79EFBC}") = "Nailhub", "Nailhub\Nailhub.csproj", "{2835FDBA-96BA-4D5C-850D-A909BB12F4E3}"
EndProject
Global
	GlobalSection(SolutionConfigurationPlatforms) = preSolution
		Debug|Any CPU = Debug|Any CPU
		Release|Any CPU = Release|Any CPU
	EndGlobalSection
	GlobalSection(ProjectConfigurationPlatforms) = postSolution
		{F8513D4E-898F-44D3-B128-073984A0AB4B}.Debug|Any CPU.ActiveCfg = Debug|Any CPU
		{F8513D4E-898F-44D3-B128-073984A0AB4B}.Debug|Any CPU.Build.0 = Debug|Any CPU
		{F8513D4E-898F-44D3-B128-073984A0AB4B}.Release|Any CPU.ActiveCfg = Release|Any CPU
		{F8513D4E-898F-44D3-B128-073984A0AB4B}.Release|Any CPU.Build.0 = Release|Any CPU
		{28D82819-C812-4480-9989-F87A8695F694}.Debug|Any CPU.ActiveCfg = Debug|Any CPU
		{28D82819-C812-4480-9989-F87A8695F694}.Debug|Any CPU.Build.0 = Debug|Any CPU
		{28D82819-C812-4480-9989-F87A8695F694}.Release|Any CPU.ActiveCfg = Release|Any CPU
		{28D82819-C812-4480-9989-F87A8695F694}.Release|Any CPU.Build.0 = Release|Any CPU
		{1C401B38-F70B-4892-BD5E-8F01EF0E25B2}.Debug|Any CPU.ActiveCfg = Debug|Any CPU
		{1C401B38-F70B-4892-BD5E-8F01EF0E25B2}.Debug|Any CPU.Build.0 = Debug|Any CPU
		{1C401B38-F70B-4892-BD5E-8F01EF0E25B2}.Release|Any CPU.ActiveCfg = Release|Any CPU
		{1C401B38-F70B-4892-BD5E-8F01EF0E25B2}.Release|Any CPU.Build.0 = Release|Any CPU
		{CDD6A4C1-9EDD-420F-A3D5-F175D0112C4E}.Debug|Any CPU.ActiveCfg = Debug|Any CPU
		{CDD6A4C1-9EDD-420F-A3D5-F175D0112C4E}.Debug|Any CPU.Build.0 = Debug|Any CPU
		{CDD6A4C1-9EDD-420F-A3D5-F175D0112C4E}.Release|Any CPU.ActiveCfg = Release|Any CPU
		{CDD6A4C1-9EDD-420F-A3D5-F175D0112C4E}.Release|Any CPU.Build.0 = Release|Any CPU
		{1BA0F972-F30E-4E42-8342-F34796036337}.Debug|Any CPU.ActiveCfg = Debug|Any CPU
		{1BA0F972-F30E-4E42-8342-F34796036337}.Debug|Any CPU.Build.0 = Debug|Any CPU
		{1BA0F972-F30E-4E42-8342-F34796036337}.Release|Any CPU.ActiveCfg = Release|Any CPU
		{1BA0F972-F30E-4E42-8342-F34796036337}.Release|Any CPU.Build.0 = Release|Any CPU
		{2835FDBA-96BA-4D5C-850D-A909BB12F4E3}.Debug|Any CPU.ActiveCfg = Debug|Any CPU
		{2835FDBA-96BA-4D5C-850D-A909BB12F4E3}.Debug|Any CPU.Build.0 = Debug|Any CPU
		{2835FDBA-96BA-4D5C-850D-A909BB12F4E3}.Release|Any CPU.ActiveCfg = Release|Any CPU
		{2835FDBA-96BA-4D5C-850D-A909BB12F4E3}.Release|Any CPU.Build.0 = Release|Any CPU
	EndGlobalSection
	GlobalSection(SolutionProperties) = preSolution
		HideSolutionNode = FALSE
	EndGlobalSection
	GlobalSection(NestedProjects) = preSolution
		{CEBAFB05-E242-4798-A3A5-91CFAEA385AE} = {6B64F7CE-D393-42A4-AAE7-69BC46F95409}
		{F8513D4E-898F-44D3-B128-073984A0AB4B} = {6B64F7CE-D393-42A4-AAE7-69BC46F95409}
		{28D82819-C812-4480-9989-F87A8695F694} = {B0CD3C8D-CB65-4906-8AAA-D65796F1B179}
		{1C401B38-F70B-4892-BD5E-8F01EF0E25B2} = {567A26AA-3780-4706-BF98-03A7A94A602B}
		{CDD6A4C1-9EDD-420F-A3D5-F175D0112C4E} = {79786394-8697-4C82-B712-E9D0E1DCBABB}
		{1BA0F972-F30E-4E42-8342-F34796036337} = {9598A58D-E57A-4D5C-ADBB-9AA3CD031670}
		{2835FDBA-96BA-4D5C-850D-A909BB12F4E3} = {79786394-8697-4C82-B712-E9D0E1DCBABB}
	EndGlobalSection
EndGlobal
