
Microsoft Visual Studio Solution File, Format Version 12.00
# Visual Studio 2013
VisualStudioVersion = 12.0.30723.0
MinimumVisualStudioVersion = 10.0.40219.1
Project("{FAE04EC0-301F-11D3-BF4B-00C04F79EFBC}") = "Nailhub", "Nailhub\Nailhub.csproj", "{2835FDBA-96BA-4D5C-850D-A909BB12F4E3}"
EndProject
Project("{2150E333-8FDC-42A3-9474-1A3956D46DE8}") = ".nuget", ".nuget", "{111536AA-07AB-41C2-A8BB-F320AA000340}"
	ProjectSection(SolutionItems) = preProject
		.nuget\NuGet.Config = .nuget\NuGet.Config
		.nuget\NuGet.exe = .nuget\NuGet.exe
		.nuget\NuGet.targets = .nuget\NuGet.targets
	EndProjectSection
EndProject
Project("{2150E333-8FDC-42A3-9474-1A3956D46DE8}") = "Core", "Core", "{60A6113E-1C6E-4922-9216-CE0B7FF47D26}"
EndProject
Project("{2150E333-8FDC-42A3-9474-1A3956D46DE8}") = "Infrastructure", "Infrastructure", "{8C1674FC-CE37-43ED-8F11-5E736478F525}"
EndProject
Project("{2150E333-8FDC-42A3-9474-1A3956D46DE8}") = "Presentation", "Presentation", "{79786394-8697-4C82-B712-E9D0E1DCBABB}"
EndProject
Project("{2150E333-8FDC-42A3-9474-1A3956D46DE8}") = "Crosscutting", "Crosscutting", "{6B64F7CE-D393-42A4-AAE7-69BC46F95409}"
EndProject
Project("{2150E333-8FDC-42A3-9474-1A3956D46DE8}") = "PaymentService", "PaymentService", "{CEBAFB05-E242-4798-A3A5-91CFAEA385AE}"
EndProject
Project("{2150E333-8FDC-42A3-9474-1A3956D46DE8}") = "Models", "Models", "{A3339BF4-3625-4EA7-A59E-273F3A2E1CEE}"
EndProject
Project("{2150E333-8FDC-42A3-9474-1A3956D46DE8}") = "Entities", "Entities", "{9598A58D-E57A-4D5C-ADBB-9AA3CD031670}"
EndProject
Project("{FAE04EC0-301F-11D3-BF4B-00C04F79EFBC}") = "Entity", "Entity\Entity.csproj", "{055F8179-3808-41AC-A2B2-260702D321DA}"
EndProject
Project("{FAE04EC0-301F-11D3-BF4B-00C04F79EFBC}") = "IServices", "IServices\IServices.csproj", "{37221741-DA25-4F34-9F17-E9565A238EA7}"
EndProject
Project("{FAE04EC0-301F-11D3-BF4B-00C04F79EFBC}") = "IUnitOfWork", "IUnitOfWork\IUnitOfWork.csproj", "{302360FD-313E-4E2D-9094-132603ABF719}"
EndProject
Project("{FAE04EC0-301F-11D3-BF4B-00C04F79EFBC}") = "Configuration", "Configuration\Configuration.csproj", "{F8513D4E-898F-44D3-B128-073984A0AB4B}"
EndProject
Project("{2150E333-8FDC-42A3-9474-1A3956D46DE8}") = "Repository", "Repository", "{70093348-5794-4D4F-A5E6-92A6E1F04B54}"
EndProject
Project("{FAE04EC0-301F-11D3-BF4B-00C04F79EFBC}") = "Repository", "Repository\Repository.csproj", "{444F1E0D-970E-4203-A1AC-0B20FB1D9258}"
EndProject
Project("{FAE04EC0-301F-11D3-BF4B-00C04F79EFBC}") = "IRepository", "IRepository\IRepository.csproj", "{175D2132-D9B9-4BEC-99E7-BC7CB13F84F0}"
EndProject
Project("{FAE04EC0-301F-11D3-BF4B-00C04F79EFBC}") = "UnitOfWork", "UnitOfWork\UnitOfWork.csproj", "{3226C61C-3A45-4F21-AD16-1A72EE1BDD8B}"
EndProject
Project("{FAE04EC0-301F-11D3-BF4B-00C04F79EFBC}") = "Services", "Services\Services.csproj", "{8E81DC56-A4E3-4750-9713-10D0927639B5}"
EndProject
Project("{FAE04EC0-301F-11D3-BF4B-00C04F79EFBC}") = "RepositoryExtension", "RepositoryExtension\RepositoryExtension.csproj", "{6F5EFAFE-D4C1-4CD4-A04E-2A22C53DB6AA}"
EndProject
Project("{FAE04EC0-301F-11D3-BF4B-00C04F79EFBC}") = "MyContext", "MyContext\MyContext.csproj", "{EFC18046-7ABD-4F20-B798-6A81F1A24B5C}"
EndProject
Project("{FAE04EC0-301F-11D3-BF4B-00C04F79EFBC}") = "MyState", "ObjectState\MyState.csproj", "{2525FEE1-F582-453E-A157-5EF6115CBCCE}"
EndProject
Project("{FAE04EC0-301F-11D3-BF4B-00C04F79EFBC}") = "RepositoryFactory", "RepositoryFactory\RepositoryFactory.csproj", "{64A80476-4EE0-4014-8E2B-B5DB418352E7}"
EndProject
Project("{2150E333-8FDC-42A3-9474-1A3956D46DE8}") = "Factory", "Factory", "{ADBF4FAF-9F5A-4C4B-9144-8C04996F5002}"
EndProject
Project("{2150E333-8FDC-42A3-9474-1A3956D46DE8}") = "Extension", "Extension", "{9FBF6A63-4732-4B61-8CA9-64611C24E236}"
EndProject
Global
	GlobalSection(SolutionConfigurationPlatforms) = preSolution
		Debug|Any CPU = Debug|Any CPU
		Release|Any CPU = Release|Any CPU
	EndGlobalSection
	GlobalSection(ProjectConfigurationPlatforms) = postSolution
		{2835FDBA-96BA-4D5C-850D-A909BB12F4E3}.Debug|Any CPU.ActiveCfg = Debug|Any CPU
		{2835FDBA-96BA-4D5C-850D-A909BB12F4E3}.Debug|Any CPU.Build.0 = Debug|Any CPU
		{2835FDBA-96BA-4D5C-850D-A909BB12F4E3}.Release|Any CPU.ActiveCfg = Release|Any CPU
		{2835FDBA-96BA-4D5C-850D-A909BB12F4E3}.Release|Any CPU.Build.0 = Release|Any CPU
		{055F8179-3808-41AC-A2B2-260702D321DA}.Debug|Any CPU.ActiveCfg = Debug|Any CPU
		{055F8179-3808-41AC-A2B2-260702D321DA}.Debug|Any CPU.Build.0 = Debug|Any CPU
		{055F8179-3808-41AC-A2B2-260702D321DA}.Release|Any CPU.ActiveCfg = Release|Any CPU
		{055F8179-3808-41AC-A2B2-260702D321DA}.Release|Any CPU.Build.0 = Release|Any CPU
		{37221741-DA25-4F34-9F17-E9565A238EA7}.Debug|Any CPU.ActiveCfg = Debug|Any CPU
		{37221741-DA25-4F34-9F17-E9565A238EA7}.Debug|Any CPU.Build.0 = Debug|Any CPU
		{37221741-DA25-4F34-9F17-E9565A238EA7}.Release|Any CPU.ActiveCfg = Release|Any CPU
		{37221741-DA25-4F34-9F17-E9565A238EA7}.Release|Any CPU.Build.0 = Release|Any CPU
		{302360FD-313E-4E2D-9094-132603ABF719}.Debug|Any CPU.ActiveCfg = Debug|Any CPU
		{302360FD-313E-4E2D-9094-132603ABF719}.Debug|Any CPU.Build.0 = Debug|Any CPU
		{302360FD-313E-4E2D-9094-132603ABF719}.Release|Any CPU.ActiveCfg = Release|Any CPU
		{302360FD-313E-4E2D-9094-132603ABF719}.Release|Any CPU.Build.0 = Release|Any CPU
		{F8513D4E-898F-44D3-B128-073984A0AB4B}.Debug|Any CPU.ActiveCfg = Debug|Any CPU
		{F8513D4E-898F-44D3-B128-073984A0AB4B}.Debug|Any CPU.Build.0 = Debug|Any CPU
		{F8513D4E-898F-44D3-B128-073984A0AB4B}.Release|Any CPU.ActiveCfg = Release|Any CPU
		{F8513D4E-898F-44D3-B128-073984A0AB4B}.Release|Any CPU.Build.0 = Release|Any CPU
		{444F1E0D-970E-4203-A1AC-0B20FB1D9258}.Debug|Any CPU.ActiveCfg = Debug|Any CPU
		{444F1E0D-970E-4203-A1AC-0B20FB1D9258}.Debug|Any CPU.Build.0 = Debug|Any CPU
		{444F1E0D-970E-4203-A1AC-0B20FB1D9258}.Release|Any CPU.ActiveCfg = Release|Any CPU
		{444F1E0D-970E-4203-A1AC-0B20FB1D9258}.Release|Any CPU.Build.0 = Release|Any CPU
		{175D2132-D9B9-4BEC-99E7-BC7CB13F84F0}.Debug|Any CPU.ActiveCfg = Debug|Any CPU
		{175D2132-D9B9-4BEC-99E7-BC7CB13F84F0}.Debug|Any CPU.Build.0 = Debug|Any CPU
		{175D2132-D9B9-4BEC-99E7-BC7CB13F84F0}.Release|Any CPU.ActiveCfg = Release|Any CPU
		{175D2132-D9B9-4BEC-99E7-BC7CB13F84F0}.Release|Any CPU.Build.0 = Release|Any CPU
		{3226C61C-3A45-4F21-AD16-1A72EE1BDD8B}.Debug|Any CPU.ActiveCfg = Debug|Any CPU
		{3226C61C-3A45-4F21-AD16-1A72EE1BDD8B}.Debug|Any CPU.Build.0 = Debug|Any CPU
		{3226C61C-3A45-4F21-AD16-1A72EE1BDD8B}.Release|Any CPU.ActiveCfg = Release|Any CPU
		{3226C61C-3A45-4F21-AD16-1A72EE1BDD8B}.Release|Any CPU.Build.0 = Release|Any CPU
		{8E81DC56-A4E3-4750-9713-10D0927639B5}.Debug|Any CPU.ActiveCfg = Debug|Any CPU
		{8E81DC56-A4E3-4750-9713-10D0927639B5}.Debug|Any CPU.Build.0 = Debug|Any CPU
		{8E81DC56-A4E3-4750-9713-10D0927639B5}.Release|Any CPU.ActiveCfg = Release|Any CPU
		{8E81DC56-A4E3-4750-9713-10D0927639B5}.Release|Any CPU.Build.0 = Release|Any CPU
		{6F5EFAFE-D4C1-4CD4-A04E-2A22C53DB6AA}.Debug|Any CPU.ActiveCfg = Debug|Any CPU
		{6F5EFAFE-D4C1-4CD4-A04E-2A22C53DB6AA}.Debug|Any CPU.Build.0 = Debug|Any CPU
		{6F5EFAFE-D4C1-4CD4-A04E-2A22C53DB6AA}.Release|Any CPU.ActiveCfg = Release|Any CPU
		{6F5EFAFE-D4C1-4CD4-A04E-2A22C53DB6AA}.Release|Any CPU.Build.0 = Release|Any CPU
		{EFC18046-7ABD-4F20-B798-6A81F1A24B5C}.Debug|Any CPU.ActiveCfg = Debug|Any CPU
		{EFC18046-7ABD-4F20-B798-6A81F1A24B5C}.Debug|Any CPU.Build.0 = Debug|Any CPU
		{EFC18046-7ABD-4F20-B798-6A81F1A24B5C}.Release|Any CPU.ActiveCfg = Release|Any CPU
		{EFC18046-7ABD-4F20-B798-6A81F1A24B5C}.Release|Any CPU.Build.0 = Release|Any CPU
		{2525FEE1-F582-453E-A157-5EF6115CBCCE}.Debug|Any CPU.ActiveCfg = Debug|Any CPU
		{2525FEE1-F582-453E-A157-5EF6115CBCCE}.Debug|Any CPU.Build.0 = Debug|Any CPU
		{2525FEE1-F582-453E-A157-5EF6115CBCCE}.Release|Any CPU.ActiveCfg = Release|Any CPU
		{2525FEE1-F582-453E-A157-5EF6115CBCCE}.Release|Any CPU.Build.0 = Release|Any CPU
		{64A80476-4EE0-4014-8E2B-B5DB418352E7}.Debug|Any CPU.ActiveCfg = Debug|Any CPU
		{64A80476-4EE0-4014-8E2B-B5DB418352E7}.Debug|Any CPU.Build.0 = Debug|Any CPU
		{64A80476-4EE0-4014-8E2B-B5DB418352E7}.Release|Any CPU.ActiveCfg = Release|Any CPU
		{64A80476-4EE0-4014-8E2B-B5DB418352E7}.Release|Any CPU.Build.0 = Release|Any CPU
	EndGlobalSection
	GlobalSection(SolutionProperties) = preSolution
		HideSolutionNode = FALSE
	EndGlobalSection
	GlobalSection(NestedProjects) = preSolution
		{2835FDBA-96BA-4D5C-850D-A909BB12F4E3} = {79786394-8697-4C82-B712-E9D0E1DCBABB}
		{CEBAFB05-E242-4798-A3A5-91CFAEA385AE} = {6B64F7CE-D393-42A4-AAE7-69BC46F95409}
		{A3339BF4-3625-4EA7-A59E-273F3A2E1CEE} = {60A6113E-1C6E-4922-9216-CE0B7FF47D26}
		{055F8179-3808-41AC-A2B2-260702D321DA} = {9598A58D-E57A-4D5C-ADBB-9AA3CD031670}
		{37221741-DA25-4F34-9F17-E9565A238EA7} = {60A6113E-1C6E-4922-9216-CE0B7FF47D26}
		{302360FD-313E-4E2D-9094-132603ABF719} = {60A6113E-1C6E-4922-9216-CE0B7FF47D26}
		{F8513D4E-898F-44D3-B128-073984A0AB4B} = {6B64F7CE-D393-42A4-AAE7-69BC46F95409}
		{70093348-5794-4D4F-A5E6-92A6E1F04B54} = {8C1674FC-CE37-43ED-8F11-5E736478F525}
		{444F1E0D-970E-4203-A1AC-0B20FB1D9258} = {70093348-5794-4D4F-A5E6-92A6E1F04B54}
		{175D2132-D9B9-4BEC-99E7-BC7CB13F84F0} = {70093348-5794-4D4F-A5E6-92A6E1F04B54}
		{3226C61C-3A45-4F21-AD16-1A72EE1BDD8B} = {8C1674FC-CE37-43ED-8F11-5E736478F525}
		{8E81DC56-A4E3-4750-9713-10D0927639B5} = {8C1674FC-CE37-43ED-8F11-5E736478F525}
		{6F5EFAFE-D4C1-4CD4-A04E-2A22C53DB6AA} = {9FBF6A63-4732-4B61-8CA9-64611C24E236}
		{EFC18046-7ABD-4F20-B798-6A81F1A24B5C} = {8C1674FC-CE37-43ED-8F11-5E736478F525}
		{2525FEE1-F582-453E-A157-5EF6115CBCCE} = {8C1674FC-CE37-43ED-8F11-5E736478F525}
		{64A80476-4EE0-4014-8E2B-B5DB418352E7} = {ADBF4FAF-9F5A-4C4B-9144-8C04996F5002}
		{ADBF4FAF-9F5A-4C4B-9144-8C04996F5002} = {8C1674FC-CE37-43ED-8F11-5E736478F525}
		{9FBF6A63-4732-4B61-8CA9-64611C24E236} = {8C1674FC-CE37-43ED-8F11-5E736478F525}
	EndGlobalSection
EndGlobal
