
Microsoft Visual Studio Solution File, Format Version 12.00
# Visual Studio 2013
VisualStudioVersion = 12.0.30723.0
MinimumVisualStudioVersion = 10.0.40219.1
Project("{FAE04EC0-301F-11D3-BF4B-00C04F79EFBC}") = "Nailhub", "Nailhub\Nailhub.csproj", "{2835FDBA-96BA-4D5C-850D-A909BB12F4E3}"
EndProject
Project("{2150E333-8FDC-42A3-9474-1A3956D46DE8}") = ".nuget", ".nuget", "{111536AA-07AB-41C2-A8BB-F320AA000340}"
	ProjectSection(SolutionItems) = preProject
		.nuget\NuGet.Config = .nuget\NuGet.Config
		.nuget\NuGet.exe = .nuget\NuGet.exe
		.nuget\NuGet.targets = .nuget\NuGet.targets
	EndProjectSection
EndProject
Project("{2150E333-8FDC-42A3-9474-1A3956D46DE8}") = "Infrastructure", "Infrastructure", "{60A6113E-1C6E-4922-9216-CE0B7FF47D26}"
EndProject
Project("{2150E333-8FDC-42A3-9474-1A3956D46DE8}") = "Presentation", "Presentation", "{79786394-8697-4C82-B712-E9D0E1DCBABB}"
EndProject
Project("{2150E333-8FDC-42A3-9474-1A3956D46DE8}") = "Crosscutting", "Crosscutting", "{6B64F7CE-D393-42A4-AAE7-69BC46F95409}"
EndProject
Project("{2150E333-8FDC-42A3-9474-1A3956D46DE8}") = "PaymentService", "PaymentService", "{CEBAFB05-E242-4798-A3A5-91CFAEA385AE}"
EndProject
Project("{2150E333-8FDC-42A3-9474-1A3956D46DE8}") = "Entities", "Entities", "{9598A58D-E57A-4D5C-ADBB-9AA3CD031670}"
EndProject
Project("{FAE04EC0-301F-11D3-BF4B-00C04F79EFBC}") = "Entity", "Entity\Entity.csproj", "{055F8179-3808-41AC-A2B2-260702D321DA}"
EndProject
Project("{FAE04EC0-301F-11D3-BF4B-00C04F79EFBC}") = "Configuration", "Configuration\Configuration.csproj", "{F8513D4E-898F-44D3-B128-073984A0AB4B}"
EndProject
Project("{FAE04EC0-301F-11D3-BF4B-00C04F79EFBC}") = "Generic.Core", "Generic.Core\Generic.Core.csproj", "{CE01AC7B-CE9D-421B-928A-933706AE72A1}"
EndProject
Project("{FAE04EC0-301F-11D3-BF4B-00C04F79EFBC}") = "Generic.Infrastructure", "Generic.Infracstructure\Generic.Infrastructure.csproj", "{5BED1735-D49E-4C56-BC29-F140CC3A29D9}"
EndProject
Project("{2150E333-8FDC-42A3-9474-1A3956D46DE8}") = "Services", "Services", "{567A26AA-3780-4706-BF98-03A7A94A602B}"
EndProject
Project("{2150E333-8FDC-42A3-9474-1A3956D46DE8}") = "Core", "Core", "{B0CD3C8D-CB65-4906-8AAA-D65796F1B179}"
EndProject
Project("{FAE04EC0-301F-11D3-BF4B-00C04F79EFBC}") = "AppCore", "AppCore\AppCore.csproj", "{28D82819-C812-4480-9989-F87A8695F694}"
EndProject
Project("{FAE04EC0-301F-11D3-BF4B-00C04F79EFBC}") = "AppService", "AppService\AppService.csproj", "{1C401B38-F70B-4892-BD5E-8F01EF0E25B2}"
EndProject
Project("{FAE04EC0-301F-11D3-BF4B-00C04F79EFBC}") = "Generic.Unity", "Generic.Unity\Generic.Unity.csproj", "{90AF6E73-B790-4207-87CA-2680F7FC11F1}"
EndProject
Global
	GlobalSection(SolutionConfigurationPlatforms) = preSolution
		Debug|Any CPU = Debug|Any CPU
		Release|Any CPU = Release|Any CPU
	EndGlobalSection
	GlobalSection(ProjectConfigurationPlatforms) = postSolution
		{2835FDBA-96BA-4D5C-850D-A909BB12F4E3}.Debug|Any CPU.ActiveCfg = Debug|Any CPU
		{2835FDBA-96BA-4D5C-850D-A909BB12F4E3}.Debug|Any CPU.Build.0 = Debug|Any CPU
		{2835FDBA-96BA-4D5C-850D-A909BB12F4E3}.Release|Any CPU.ActiveCfg = Release|Any CPU
		{2835FDBA-96BA-4D5C-850D-A909BB12F4E3}.Release|Any CPU.Build.0 = Release|Any CPU
		{055F8179-3808-41AC-A2B2-260702D321DA}.Debug|Any CPU.ActiveCfg = Debug|Any CPU
		{055F8179-3808-41AC-A2B2-260702D321DA}.Debug|Any CPU.Build.0 = Debug|Any CPU
		{055F8179-3808-41AC-A2B2-260702D321DA}.Release|Any CPU.ActiveCfg = Release|Any CPU
		{055F8179-3808-41AC-A2B2-260702D321DA}.Release|Any CPU.Build.0 = Release|Any CPU
		{F8513D4E-898F-44D3-B128-073984A0AB4B}.Debug|Any CPU.ActiveCfg = Debug|Any CPU
		{F8513D4E-898F-44D3-B128-073984A0AB4B}.Debug|Any CPU.Build.0 = Debug|Any CPU
		{F8513D4E-898F-44D3-B128-073984A0AB4B}.Release|Any CPU.ActiveCfg = Release|Any CPU
		{F8513D4E-898F-44D3-B128-073984A0AB4B}.Release|Any CPU.Build.0 = Release|Any CPU
		{CE01AC7B-CE9D-421B-928A-933706AE72A1}.Debug|Any CPU.ActiveCfg = Debug|Any CPU
		{CE01AC7B-CE9D-421B-928A-933706AE72A1}.Debug|Any CPU.Build.0 = Debug|Any CPU
		{CE01AC7B-CE9D-421B-928A-933706AE72A1}.Release|Any CPU.ActiveCfg = Release|Any CPU
		{CE01AC7B-CE9D-421B-928A-933706AE72A1}.Release|Any CPU.Build.0 = Release|Any CPU
		{5BED1735-D49E-4C56-BC29-F140CC3A29D9}.Debug|Any CPU.ActiveCfg = Debug|Any CPU
		{5BED1735-D49E-4C56-BC29-F140CC3A29D9}.Debug|Any CPU.Build.0 = Debug|Any CPU
		{5BED1735-D49E-4C56-BC29-F140CC3A29D9}.Release|Any CPU.ActiveCfg = Release|Any CPU
		{5BED1735-D49E-4C56-BC29-F140CC3A29D9}.Release|Any CPU.Build.0 = Release|Any CPU
		{28D82819-C812-4480-9989-F87A8695F694}.Debug|Any CPU.ActiveCfg = Debug|Any CPU
		{28D82819-C812-4480-9989-F87A8695F694}.Debug|Any CPU.Build.0 = Debug|Any CPU
		{28D82819-C812-4480-9989-F87A8695F694}.Release|Any CPU.ActiveCfg = Release|Any CPU
		{28D82819-C812-4480-9989-F87A8695F694}.Release|Any CPU.Build.0 = Release|Any CPU
		{1C401B38-F70B-4892-BD5E-8F01EF0E25B2}.Debug|Any CPU.ActiveCfg = Debug|Any CPU
		{1C401B38-F70B-4892-BD5E-8F01EF0E25B2}.Debug|Any CPU.Build.0 = Debug|Any CPU
		{1C401B38-F70B-4892-BD5E-8F01EF0E25B2}.Release|Any CPU.ActiveCfg = Release|Any CPU
		{1C401B38-F70B-4892-BD5E-8F01EF0E25B2}.Release|Any CPU.Build.0 = Release|Any CPU
		{90AF6E73-B790-4207-87CA-2680F7FC11F1}.Debug|Any CPU.ActiveCfg = Debug|Any CPU
		{90AF6E73-B790-4207-87CA-2680F7FC11F1}.Debug|Any CPU.Build.0 = Debug|Any CPU
		{90AF6E73-B790-4207-87CA-2680F7FC11F1}.Release|Any CPU.ActiveCfg = Release|Any CPU
		{90AF6E73-B790-4207-87CA-2680F7FC11F1}.Release|Any CPU.Build.0 = Release|Any CPU
	EndGlobalSection
	GlobalSection(SolutionProperties) = preSolution
		HideSolutionNode = FALSE
	EndGlobalSection
	GlobalSection(NestedProjects) = preSolution
		{2835FDBA-96BA-4D5C-850D-A909BB12F4E3} = {79786394-8697-4C82-B712-E9D0E1DCBABB}
		{CEBAFB05-E242-4798-A3A5-91CFAEA385AE} = {6B64F7CE-D393-42A4-AAE7-69BC46F95409}
		{055F8179-3808-41AC-A2B2-260702D321DA} = {9598A58D-E57A-4D5C-ADBB-9AA3CD031670}
		{F8513D4E-898F-44D3-B128-073984A0AB4B} = {6B64F7CE-D393-42A4-AAE7-69BC46F95409}
		{CE01AC7B-CE9D-421B-928A-933706AE72A1} = {60A6113E-1C6E-4922-9216-CE0B7FF47D26}
		{5BED1735-D49E-4C56-BC29-F140CC3A29D9} = {60A6113E-1C6E-4922-9216-CE0B7FF47D26}
		{28D82819-C812-4480-9989-F87A8695F694} = {B0CD3C8D-CB65-4906-8AAA-D65796F1B179}
		{1C401B38-F70B-4892-BD5E-8F01EF0E25B2} = {567A26AA-3780-4706-BF98-03A7A94A602B}
		{90AF6E73-B790-4207-87CA-2680F7FC11F1} = {60A6113E-1C6E-4922-9216-CE0B7FF47D26}
	EndGlobalSection
EndGlobal
