
Microsoft Visual Studio Solution File, Format Version 12.00
# Visual Studio 2013
VisualStudioVersion = 12.0.31101.0
MinimumVisualStudioVersion = 10.0.40219.1
Project("{2150E333-8FDC-42A3-9474-1A3956D46DE8}") = ".nuget", ".nuget", "{111536AA-07AB-41C2-A8BB-F320AA000340}"
	ProjectSection(SolutionItems) = preProject
		.nuget\NuGet.Config = .nuget\NuGet.Config
		.nuget\NuGet.exe = .nuget\NuGet.exe
		.nuget\NuGet.targets = .nuget\NuGet.targets
	EndProjectSection
EndProject
Project("{2150E333-8FDC-42A3-9474-1A3956D46DE8}") = "Presentation", "Presentation", "{79786394-8697-4C82-B712-E9D0E1DCBABB}"
EndProject
Project("{2150E333-8FDC-42A3-9474-1A3956D46DE8}") = "Crosscutting", "Crosscutting", "{6B64F7CE-D393-42A4-AAE7-69BC46F95409}"
EndProject
Project("{2150E333-8FDC-42A3-9474-1A3956D46DE8}") = "Entities", "Entities", "{9598A58D-E57A-4D5C-ADBB-9AA3CD031670}"
EndProject
Project("{FAE04EC0-301F-11D3-BF4B-00C04F79EFBC}") = "Configuration", "Configuration\Configuration.csproj", "{F8513D4E-898F-44D3-B128-073984A0AB4B}"
EndProject
Project("{2150E333-8FDC-42A3-9474-1A3956D46DE8}") = "Services", "Services", "{567A26AA-3780-4706-BF98-03A7A94A602B}"
EndProject
Project("{2150E333-8FDC-42A3-9474-1A3956D46DE8}") = "Core", "Core", "{B0CD3C8D-CB65-4906-8AAA-D65796F1B179}"
EndProject
Project("{FAE04EC0-301F-11D3-BF4B-00C04F79EFBC}") = "AppCore", "AppCore\AppCore.csproj", "{28D82819-C812-4480-9989-F87A8695F694}"
EndProject
Project("{FAE04EC0-301F-11D3-BF4B-00C04F79EFBC}") = "AppService", "AppService\AppService.csproj", "{1C401B38-F70B-4892-BD5E-8F01EF0E25B2}"
EndProject
Project("{FAE04EC0-301F-11D3-BF4B-00C04F79EFBC}") = "CFEntity", "CFEntity\CFEntity.csproj", "{1BA0F972-F30E-4E42-8342-F34796036337}"
EndProject
Project("{FAE04EC0-301F-11D3-BF4B-00C04F79EFBC}") = "DFEntity", "DFEntity\DFEntity.csproj", "{9AAEAC4C-9A50-4998-878F-CADA4FC3C86B}"
EndProject
Project("{FAE04EC0-301F-11D3-BF4B-00C04F79EFBC}") = "Mybrus", "Mybrus\Mybrus.csproj", "{730C1138-1288-411B-ABCA-394EB6289F3B}"
EndProject
Project("{FAE04EC0-301F-11D3-BF4B-00C04F79EFBC}") = "Nailhub", "NailHub\Nailhub.csproj", "{CDD6A4C1-9EDD-420F-A3D5-F175D0112C4E}"
EndProject
Project("{FAE04EC0-301F-11D3-BF4B-00C04F79EFBC}") = "EFNailhub", "EFNailhub\EFNailhub.csproj", "{3C0D54F7-AC06-4D43-A4E0-0843929B163E}"
EndProject
Project("{FAE04EC0-301F-11D3-BF4B-00C04F79EFBC}") = "CoLucCore", "CoLucCore\CoLucCore.csproj", "{E2AAF0FF-6AAD-4F9B-A16F-BB2972821E61}"
EndProject
Project("{FAE04EC0-301F-11D3-BF4B-00C04F79EFBC}") = "CoLucService", "CoLucService\CoLucService.csproj", "{C9F1FB19-9F9B-4819-B662-16FE8F1FE2E1}"
EndProject
Project("{FAE04EC0-301F-11D3-BF4B-00C04F79EFBC}") = "EFColuc", "EFColuc\EFColuc.csproj", "{0A91245E-905F-4F82-B0C8-8D9B73D32F51}"
EndProject
Project("{FAE04EC0-301F-11D3-BF4B-00C04F79EFBC}") = "BaseProject", "BaseProject\BaseProject.csproj", "{83E0427A-2EC6-4FC2-A1AA-28B51A505D07}"
EndProject
Project("{2150E333-8FDC-42A3-9474-1A3956D46DE8}") = "Library", "Library", "{858AAE52-F284-480E-8292-E77CFE59C70A}"
EndProject
Project("{FAE04EC0-301F-11D3-BF4B-00C04F79EFBC}") = "TNTHelper", "TNT.Helper\TNTHelper.csproj", "{B6B9C121-55BD-4FF4-AC92-62C5B0D8CA5D}"
EndProject
Project("{FAE04EC0-301F-11D3-BF4B-00C04F79EFBC}") = "Stripe", "Stripe\Stripe.csproj", "{E48E9AC1-3A88-406B-82FF-166B1E3C7A48}"
EndProject
Global
	GlobalSection(SolutionConfigurationPlatforms) = preSolution
		Debug|Any CPU = Debug|Any CPU
		Release|Any CPU = Release|Any CPU
	EndGlobalSection
	GlobalSection(ProjectConfigurationPlatforms) = postSolution
		{F8513D4E-898F-44D3-B128-073984A0AB4B}.Debug|Any CPU.ActiveCfg = Debug|Any CPU
		{F8513D4E-898F-44D3-B128-073984A0AB4B}.Debug|Any CPU.Build.0 = Debug|Any CPU
		{F8513D4E-898F-44D3-B128-073984A0AB4B}.Release|Any CPU.ActiveCfg = Release|Any CPU
		{F8513D4E-898F-44D3-B128-073984A0AB4B}.Release|Any CPU.Build.0 = Release|Any CPU
		{28D82819-C812-4480-9989-F87A8695F694}.Debug|Any CPU.ActiveCfg = Debug|Any CPU
		{28D82819-C812-4480-9989-F87A8695F694}.Debug|Any CPU.Build.0 = Debug|Any CPU
		{28D82819-C812-4480-9989-F87A8695F694}.Release|Any CPU.ActiveCfg = Release|Any CPU
		{28D82819-C812-4480-9989-F87A8695F694}.Release|Any CPU.Build.0 = Release|Any CPU
		{1C401B38-F70B-4892-BD5E-8F01EF0E25B2}.Debug|Any CPU.ActiveCfg = Debug|Any CPU
		{1C401B38-F70B-4892-BD5E-8F01EF0E25B2}.Debug|Any CPU.Build.0 = Debug|Any CPU
		{1C401B38-F70B-4892-BD5E-8F01EF0E25B2}.Release|Any CPU.ActiveCfg = Release|Any CPU
		{1C401B38-F70B-4892-BD5E-8F01EF0E25B2}.Release|Any CPU.Build.0 = Release|Any CPU
		{1BA0F972-F30E-4E42-8342-F34796036337}.Debug|Any CPU.ActiveCfg = Debug|Any CPU
		{1BA0F972-F30E-4E42-8342-F34796036337}.Debug|Any CPU.Build.0 = Debug|Any CPU
		{1BA0F972-F30E-4E42-8342-F34796036337}.Release|Any CPU.ActiveCfg = Release|Any CPU
		{1BA0F972-F30E-4E42-8342-F34796036337}.Release|Any CPU.Build.0 = Release|Any CPU
		{9AAEAC4C-9A50-4998-878F-CADA4FC3C86B}.Debug|Any CPU.ActiveCfg = Debug|Any CPU
		{9AAEAC4C-9A50-4998-878F-CADA4FC3C86B}.Debug|Any CPU.Build.0 = Debug|Any CPU
		{9AAEAC4C-9A50-4998-878F-CADA4FC3C86B}.Release|Any CPU.ActiveCfg = Release|Any CPU
		{9AAEAC4C-9A50-4998-878F-CADA4FC3C86B}.Release|Any CPU.Build.0 = Release|Any CPU
		{730C1138-1288-411B-ABCA-394EB6289F3B}.Debug|Any CPU.ActiveCfg = Debug|Any CPU
		{730C1138-1288-411B-ABCA-394EB6289F3B}.Debug|Any CPU.Build.0 = Debug|Any CPU
		{730C1138-1288-411B-ABCA-394EB6289F3B}.Release|Any CPU.ActiveCfg = Release|Any CPU
		{730C1138-1288-411B-ABCA-394EB6289F3B}.Release|Any CPU.Build.0 = Release|Any CPU
		{CDD6A4C1-9EDD-420F-A3D5-F175D0112C4E}.Debug|Any CPU.ActiveCfg = Debug|Any CPU
		{CDD6A4C1-9EDD-420F-A3D5-F175D0112C4E}.Debug|Any CPU.Build.0 = Debug|Any CPU
		{CDD6A4C1-9EDD-420F-A3D5-F175D0112C4E}.Release|Any CPU.ActiveCfg = Release|Any CPU
		{CDD6A4C1-9EDD-420F-A3D5-F175D0112C4E}.Release|Any CPU.Build.0 = Release|Any CPU
		{3C0D54F7-AC06-4D43-A4E0-0843929B163E}.Debug|Any CPU.ActiveCfg = Debug|Any CPU
		{3C0D54F7-AC06-4D43-A4E0-0843929B163E}.Debug|Any CPU.Build.0 = Debug|Any CPU
		{3C0D54F7-AC06-4D43-A4E0-0843929B163E}.Release|Any CPU.ActiveCfg = Release|Any CPU
		{3C0D54F7-AC06-4D43-A4E0-0843929B163E}.Release|Any CPU.Build.0 = Release|Any CPU
		{E2AAF0FF-6AAD-4F9B-A16F-BB2972821E61}.Debug|Any CPU.ActiveCfg = Debug|Any CPU
		{E2AAF0FF-6AAD-4F9B-A16F-BB2972821E61}.Debug|Any CPU.Build.0 = Debug|Any CPU
		{E2AAF0FF-6AAD-4F9B-A16F-BB2972821E61}.Release|Any CPU.ActiveCfg = Release|Any CPU
		{E2AAF0FF-6AAD-4F9B-A16F-BB2972821E61}.Release|Any CPU.Build.0 = Release|Any CPU
		{C9F1FB19-9F9B-4819-B662-16FE8F1FE2E1}.Debug|Any CPU.ActiveCfg = Debug|Any CPU
		{C9F1FB19-9F9B-4819-B662-16FE8F1FE2E1}.Debug|Any CPU.Build.0 = Debug|Any CPU
		{C9F1FB19-9F9B-4819-B662-16FE8F1FE2E1}.Release|Any CPU.ActiveCfg = Release|Any CPU
		{C9F1FB19-9F9B-4819-B662-16FE8F1FE2E1}.Release|Any CPU.Build.0 = Release|Any CPU
		{0A91245E-905F-4F82-B0C8-8D9B73D32F51}.Debug|Any CPU.ActiveCfg = Debug|Any CPU
		{0A91245E-905F-4F82-B0C8-8D9B73D32F51}.Debug|Any CPU.Build.0 = Debug|Any CPU
		{0A91245E-905F-4F82-B0C8-8D9B73D32F51}.Release|Any CPU.ActiveCfg = Release|Any CPU
		{0A91245E-905F-4F82-B0C8-8D9B73D32F51}.Release|Any CPU.Build.0 = Release|Any CPU
		{83E0427A-2EC6-4FC2-A1AA-28B51A505D07}.Debug|Any CPU.ActiveCfg = Debug|Any CPU
		{83E0427A-2EC6-4FC2-A1AA-28B51A505D07}.Debug|Any CPU.Build.0 = Debug|Any CPU
		{83E0427A-2EC6-4FC2-A1AA-28B51A505D07}.Release|Any CPU.ActiveCfg = Release|Any CPU
		{83E0427A-2EC6-4FC2-A1AA-28B51A505D07}.Release|Any CPU.Build.0 = Release|Any CPU
		{B6B9C121-55BD-4FF4-AC92-62C5B0D8CA5D}.Debug|Any CPU.ActiveCfg = Debug|Any CPU
		{B6B9C121-55BD-4FF4-AC92-62C5B0D8CA5D}.Debug|Any CPU.Build.0 = Debug|Any CPU
		{B6B9C121-55BD-4FF4-AC92-62C5B0D8CA5D}.Release|Any CPU.ActiveCfg = Release|Any CPU
		{B6B9C121-55BD-4FF4-AC92-62C5B0D8CA5D}.Release|Any CPU.Build.0 = Release|Any CPU
		{E48E9AC1-3A88-406B-82FF-166B1E3C7A48}.Debug|Any CPU.ActiveCfg = Debug|Any CPU
		{E48E9AC1-3A88-406B-82FF-166B1E3C7A48}.Debug|Any CPU.Build.0 = Debug|Any CPU
		{E48E9AC1-3A88-406B-82FF-166B1E3C7A48}.Release|Any CPU.ActiveCfg = Release|Any CPU
		{E48E9AC1-3A88-406B-82FF-166B1E3C7A48}.Release|Any CPU.Build.0 = Release|Any CPU
	EndGlobalSection
	GlobalSection(SolutionProperties) = preSolution
		HideSolutionNode = FALSE
	EndGlobalSection
	GlobalSection(NestedProjects) = preSolution
		{F8513D4E-898F-44D3-B128-073984A0AB4B} = {6B64F7CE-D393-42A4-AAE7-69BC46F95409}
		{28D82819-C812-4480-9989-F87A8695F694} = {B0CD3C8D-CB65-4906-8AAA-D65796F1B179}
		{1C401B38-F70B-4892-BD5E-8F01EF0E25B2} = {567A26AA-3780-4706-BF98-03A7A94A602B}
		{1BA0F972-F30E-4E42-8342-F34796036337} = {9598A58D-E57A-4D5C-ADBB-9AA3CD031670}
		{9AAEAC4C-9A50-4998-878F-CADA4FC3C86B} = {9598A58D-E57A-4D5C-ADBB-9AA3CD031670}
		{730C1138-1288-411B-ABCA-394EB6289F3B} = {79786394-8697-4C82-B712-E9D0E1DCBABB}
		{CDD6A4C1-9EDD-420F-A3D5-F175D0112C4E} = {79786394-8697-4C82-B712-E9D0E1DCBABB}
		{3C0D54F7-AC06-4D43-A4E0-0843929B163E} = {9598A58D-E57A-4D5C-ADBB-9AA3CD031670}
		{E2AAF0FF-6AAD-4F9B-A16F-BB2972821E61} = {B0CD3C8D-CB65-4906-8AAA-D65796F1B179}
		{C9F1FB19-9F9B-4819-B662-16FE8F1FE2E1} = {567A26AA-3780-4706-BF98-03A7A94A602B}
		{0A91245E-905F-4F82-B0C8-8D9B73D32F51} = {9598A58D-E57A-4D5C-ADBB-9AA3CD031670}
		{83E0427A-2EC6-4FC2-A1AA-28B51A505D07} = {79786394-8697-4C82-B712-E9D0E1DCBABB}
		{B6B9C121-55BD-4FF4-AC92-62C5B0D8CA5D} = {858AAE52-F284-480E-8292-E77CFE59C70A}
		{E48E9AC1-3A88-406B-82FF-166B1E3C7A48} = {6B64F7CE-D393-42A4-AAE7-69BC46F95409}
	EndGlobalSection
EndGlobal
